// !$*UTF8*$!
{
	archiveVersion = 1;
	classes = {
	};
	objectVersion = 46;
	objects = {

/* Begin PBXBuildFile section */
		B71152221D519A38008C9149 /* RoundedCornerButton.swift in Sources */ = {isa = PBXBuildFile; fileRef = B71152211D519A38008C9149 /* RoundedCornerButton.swift */; };
		B7E18F141D4A03B700A740D4 /* AppDelegate.swift in Sources */ = {isa = PBXBuildFile; fileRef = B7E18F131D4A03B700A740D4 /* AppDelegate.swift */; };
		B7E18F161D4A03B700A740D4 /* ViewController.swift in Sources */ = {isa = PBXBuildFile; fileRef = B7E18F151D4A03B700A740D4 /* ViewController.swift */; };
		B7E18F191D4A03B700A740D4 /* Main.storyboard in Resources */ = {isa = PBXBuildFile; fileRef = B7E18F171D4A03B700A740D4 /* Main.storyboard */; };
		B7E18F1B1D4A03B700A740D4 /* Assets.xcassets in Resources */ = {isa = PBXBuildFile; fileRef = B7E18F1A1D4A03B700A740D4 /* Assets.xcassets */; };
		B7E18F1E1D4A03B700A740D4 /* LaunchScreen.storyboard in Resources */ = {isa = PBXBuildFile; fileRef = B7E18F1C1D4A03B700A740D4 /* LaunchScreen.storyboard */; };
/* End PBXBuildFile section */

/* Begin PBXFileReference section */
		B71152211D519A38008C9149 /* RoundedCornerButton.swift */ = {isa = PBXFileReference; fileEncoding = 4; lastKnownFileType = sourcecode.swift; path = RoundedCornerButton.swift; sourceTree = "<group>"; };
		B7E18F101D4A03B700A740D4 /* Deisgner_Xcode.app */ = {isa = PBXFileReference; explicitFileType = wrapper.application; includeInIndex = 0; path = Deisgner_Xcode.app; sourceTree = BUILT_PRODUCTS_DIR; };
		B7E18F131D4A03B700A740D4 /* AppDelegate.swift */ = {isa = PBXFileReference; lastKnownFileType = sourcecode.swift; path = AppDelegate.swift; sourceTree = "<group>"; };
		B7E18F151D4A03B700A740D4 /* ViewController.swift */ = {isa = PBXFileReference; lastKnownFileType = sourcecode.swift; path = ViewController.swift; sourceTree = "<group>"; };
		B7E18F181D4A03B700A740D4 /* Base */ = {isa = PBXFileReference; lastKnownFileType = file.storyboard; name = Base; path = Base.lproj/Main.storyboard; sourceTree = "<group>"; };
		B7E18F1A1D4A03B700A740D4 /* Assets.xcassets */ = {isa = PBXFileReference; lastKnownFileType = folder.assetcatalog; path = Assets.xcassets; sourceTree = "<group>"; };
		B7E18F1D1D4A03B700A740D4 /* Base */ = {isa = PBXFileReference; lastKnownFileType = file.storyboard; name = Base; path = Base.lproj/LaunchScreen.storyboard; sourceTree = "<group>"; };
		B7E18F1F1D4A03B700A740D4 /* Info.plist */ = {isa = PBXFileReference; lastKnownFileType = text.plist.xml; path = Info.plist; sourceTree = "<group>"; };
/* End PBXFileReference section */

/* Begin PBXFrameworksBuildPhase section */
		B7E18F0D1D4A03B700A740D4 /* Frameworks */ = {
			isa = PBXFrameworksBuildPhase;
			buildActionMask = 2147483647;
			files = (
			);
			runOnlyForDeploymentPostprocessing = 0;
		};
/* End PBXFrameworksBuildPhase section */

/* Begin PBXGroup section */
		B71152201D519A38008C9149 /* Utility */ = {
			isa = PBXGroup;
			children = (
				B71152211D519A38008C9149 /* RoundedCornerButton.swift */,
			);
			path = Utility;
			sourceTree = "<group>";
		};
		B7E18F071D4A03B700A740D4 = {
			isa = PBXGroup;
			children = (
				B7E18F121D4A03B700A740D4 /* Deisgner_Xcode */,
				B7E18F111D4A03B700A740D4 /* Products */,
			);
			sourceTree = "<group>";
		};
		B7E18F111D4A03B700A740D4 /* Products */ = {
			isa = PBXGroup;
			children = (
				B7E18F101D4A03B700A740D4 /* Deisgner_Xcode.app */,
			);
			name = Products;
			sourceTree = "<group>";
		};
		B7E18F121D4A03B700A740D4 /* Deisgner_Xcode */ = {
			isa = PBXGroup;
			children = (
				B71152201D519A38008C9149 /* Utility */,
				B7E18F131D4A03B700A740D4 /* AppDelegate.swift */,
				B7E18F151D4A03B700A740D4 /* ViewController.swift */,
				B7E18F171D4A03B700A740D4 /* Main.storyboard */,
				B7E18F1A1D4A03B700A740D4 /* Assets.xcassets */,
				B7E18F1C1D4A03B700A740D4 /* LaunchScreen.storyboard */,
				B7E18F1F1D4A03B700A740D4 /* Info.plist */,
			);
			path = Deisgner_Xcode;
			sourceTree = "<group>";
		};
/* End PBXGroup section */

/* Begin PBXNativeTarget section */
		B7E18F0F1D4A03B700A740D4 /* Deisgner_Xcode */ = {
			isa = PBXNativeTarget;
			buildConfigurationList = B7E18F221D4A03B700A740D4 /* Build configuration list for PBXNativeTarget "Deisgner_Xcode" */;
			buildPhases = (
				B7E18F0C1D4A03B700A740D4 /* Sources */,
				B7E18F0D1D4A03B700A740D4 /* Frameworks */,
				B7E18F0E1D4A03B700A740D4 /* Resources */,
			);
			buildRules = (
			);
			dependencies = (
			);
			name = Deisgner_Xcode;
			productName = Deisgner_Xcode;
			productReference = B7E18F101D4A03B700A740D4 /* Deisgner_Xcode.app */;
			productType = "com.apple.product-type.application";
		};
/* End PBXNativeTarget section */

/* Begin PBXProject section */
		B7E18F081D4A03B700A740D4 /* Project object */ = {
			isa = PBXProject;
			attributes = {
				LastSwiftUpdateCheck = 0730;
				LastUpgradeCheck = 0810;
				ORGANIZATIONNAME = "RECRUIT LIFESTYLE CO., LTD.";
				TargetAttributes = {
					B7E18F0F1D4A03B700A740D4 = {
						CreatedOnToolsVersion = 7.3.1;
						LastSwiftMigration = 0810;
					};
				};
			};
			buildConfigurationList = B7E18F0B1D4A03B700A740D4 /* Build configuration list for PBXProject "Deisgner_Xcode" */;
			compatibilityVersion = "Xcode 3.2";
			developmentRegion = English;
			hasScannedForEncodings = 0;
			knownRegions = (
				en,
				Base,
			);
			mainGroup = B7E18F071D4A03B700A740D4;
			productRefGroup = B7E18F111D4A03B700A740D4 /* Products */;
			projectDirPath = "";
			projectRoot = "";
			targets = (
				B7E18F0F1D4A03B700A740D4 /* Deisgner_Xcode */,
			);
		};
/* End PBXProject section */

/* Begin PBXResourcesBuildPhase section */
		B7E18F0E1D4A03B700A740D4 /* Resources */ = {
			isa = PBXResourcesBuildPhase;
			buildActionMask = 2147483647;
			files = (
				B7E18F1E1D4A03B700A740D4 /* LaunchScreen.storyboard in Resources */,
				B7E18F1B1D4A03B700A740D4 /* Assets.xcassets in Resources */,
				B7E18F191D4A03B700A740D4 /* Main.storyboard in Resources */,
			);
			runOnlyForDeploymentPostprocessing = 0;
		};
/* End PBXResourcesBuildPhase section */

/* Begin PBXSourcesBuildPhase section */
		B7E18F0C1D4A03B700A740D4 /* Sources */ = {
			isa = PBXSourcesBuildPhase;
			buildActionMask = 2147483647;
			files = (
				B71152221D519A38008C9149 /* RoundedCornerButton.swift in Sources */,
				B7E18F161D4A03B700A740D4 /* ViewController.swift in Sources */,
				B7E18F141D4A03B700A740D4 /* AppDelegate.swift in Sources */,
			);
			runOnlyForDeploymentPostprocessing = 0;
		};
/* End PBXSourcesBuildPhase section */

/* Begin PBXVariantGroup section */
		B7E18F171D4A03B700A740D4 /* Main.storyboard */ = {
			isa = PBXVariantGroup;
			children = (
				B7E18F181D4A03B700A740D4 /* Base */,
			);
			name = Main.storyboard;
			sourceTree = "<group>";
		};
		B7E18F1C1D4A03B700A740D4 /* LaunchScreen.storyboard */ = {
			isa = PBXVariantGroup;
			children = (
				B7E18F1D1D4A03B700A740D4 /* Base */,
			);
			name = LaunchScreen.storyboard;
			sourceTree = "<group>";
		};
/* End PBXVariantGroup section */

/* Begin XCBuildConfiguration section */
		B7E18F201D4A03B700A740D4 /* Debug */ = {
			isa = XCBuildConfiguration;
			buildSettings = {
				ALWAYS_SEARCH_USER_PATHS = NO;
				CLANG_ANALYZER_NONNULL = YES;
				CLANG_CXX_LANGUAGE_STANDARD = "gnu++0x";
				CLANG_CXX_LIBRARY = "libc++";
				CLANG_ENABLE_MODULES = YES;
				CLANG_ENABLE_OBJC_ARC = YES;
				CLANG_WARN_BOOL_CONVERSION = YES;
				CLANG_WARN_CONSTANT_CONVERSION = YES;
				CLANG_WARN_DIRECT_OBJC_ISA_USAGE = YES_ERROR;
				CLANG_WARN_EMPTY_BODY = YES;
				CLANG_WARN_ENUM_CONVERSION = YES;
				CLANG_WARN_INFINITE_RECURSION = YES;
				CLANG_WARN_INT_CONVERSION = YES;
				CLANG_WARN_OBJC_ROOT_CLASS = YES_ERROR;
				CLANG_WARN_SUSPICIOUS_MOVE = YES;
				CLANG_WARN_UNREACHABLE_CODE = YES;
				CLANG_WARN__DUPLICATE_METHOD_MATCH = YES;
				"CODE_SIGN_IDENTITY[sdk=iphoneos*]" = "iPhone Developer";
				COPY_PHASE_STRIP = NO;
				DEBUG_INFORMATION_FORMAT = dwarf;
				ENABLE_STRICT_OBJC_MSGSEND = YES;
				ENABLE_TESTABILITY = YES;
				GCC_C_LANGUAGE_STANDARD = gnu99;
				GCC_DYNAMIC_NO_PIC = NO;
				GCC_NO_COMMON_BLOCKS = YES;
				GCC_OPTIMIZATION_LEVEL = 0;
				GCC_PREPROCESSOR_DEFINITIONS = (
					"DEBUG=1",
					"$(inherited)",
				);
				GCC_WARN_64_TO_32_BIT_CONVERSION = YES;
				GCC_WARN_ABOUT_RETURN_TYPE = YES_ERROR;
				GCC_WARN_UNDECLARED_SELECTOR = YES;
				GCC_WARN_UNINITIALIZED_AUTOS = YES_AGGRESSIVE;
				GCC_WARN_UNUSED_FUNCTION = YES;
				GCC_WARN_UNUSED_VARIABLE = YES;
				IPHONEOS_DEPLOYMENT_TARGET = 9.3;
				MTL_ENABLE_DEBUG_INFO = YES;
				ONLY_ACTIVE_ARCH = YES;
				SDKROOT = iphoneos;
				SWIFT_OPTIMIZATION_LEVEL = "-Onone";
				TARGETED_DEVICE_FAMILY = "1,2";
			};
			name = Debug;
		};
		B7E18F211D4A03B700A740D4 /* Release */ = {
			isa = XCBuildConfiguration;
			buildSettings = {
				ALWAYS_SEARCH_USER_PATHS = NO;
				CLANG_ANALYZER_NONNULL = YES;
				CLANG_CXX_LANGUAGE_STANDARD = "gnu++0x";
				CLANG_CXX_LIBRARY = "libc++";
				CLANG_ENABLE_MODULES = YES;
				CLANG_ENABLE_OBJC_ARC = YES;
				CLANG_WARN_BOOL_CONVERSION = YES;
				CLANG_WARN_CONSTANT_CONVERSION = YES;
				CLANG_WARN_DIRECT_OBJC_ISA_USAGE = YES_ERROR;
				CLANG_WARN_EMPTY_BODY = YES;
				CLANG_WARN_ENUM_CONVERSION = YES;
				CLANG_WARN_INFINITE_RECURSION = YES;
				CLANG_WARN_INT_CONVERSION = YES;
				CLANG_WARN_OBJC_ROOT_CLASS = YES_ERROR;
				CLANG_WARN_SUSPICIOUS_MOVE = YES;
				CLANG_WARN_UNREACHABLE_CODE = YES;
				CLANG_WARN__DUPLICATE_METHOD_MATCH = YES;
				"CODE_SIGN_IDENTITY[sdk=iphoneos*]" = "iPhone Developer";
				COPY_PHASE_STRIP = NO;
				DEBUG_INFORMATION_FORMAT = "dwarf-with-dsym";
				ENABLE_NS_ASSERTIONS = NO;
				ENABLE_STRICT_OBJC_MSGSEND = YES;
				GCC_C_LANGUAGE_STANDARD = gnu99;
				GCC_NO_COMMON_BLOCKS = YES;
				GCC_WARN_64_TO_32_BIT_CONVERSION = YES;
				GCC_WARN_ABOUT_RETURN_TYPE = YES_ERROR;
				GCC_WARN_UNDECLARED_SELECTOR = YES;
				GCC_WARN_UNINITIALIZED_AUTOS = YES_AGGRESSIVE;
				GCC_WARN_UNUSED_FUNCTION = YES;
				GCC_WARN_UNUSED_VARIABLE = YES;
				IPHONEOS_DEPLOYMENT_TARGET = 9.3;
				MTL_ENABLE_DEBUG_INFO = NO;
				SDKROOT = iphoneos;
				SWIFT_OPTIMIZATION_LEVEL = "-Owholemodule";
				TARGETED_DEVICE_FAMILY = "1,2";
				VALIDATE_PRODUCT = YES;
			};
			name = Release;
		};
		B7E18F231D4A03B700A740D4 /* Debug */ = {
			isa = XCBuildConfiguration;
			buildSettings = {
				ASSETCATALOG_COMPILER_APPICON_NAME = AppIcon;
				INFOPLIST_FILE = Deisgner_Xcode/Info.plist;
				LD_RUNPATH_SEARCH_PATHS = "$(inherited) @executable_path/Frameworks";
				PRODUCT_BUNDLE_IDENTIFIER = "edu.self.Deisgner-Xcode";
				PRODUCT_NAME = "$(TARGET_NAME)";
				SWIFT_VERSION = 3.0;
			};
			name = Debug;
		};
		B7E18F241D4A03B700A740D4 /* Release */ = {
			isa = XCBuildConfiguration;
			buildSettings = {
				ASSETCATALOG_COMPILER_APPICON_NAME = AppIcon;
				INFOPLIST_FILE = Deisgner_Xcode/Info.plist;
				LD_RUNPATH_SEARCH_PATHS = "$(inherited) @executable_path/Frameworks";
				PRODUCT_BUNDLE_IDENTIFIER = "edu.self.Deisgner-Xcode";
				PRODUCT_NAME = "$(TARGET_NAME)";
				SWIFT_VERSION = 3.0;
			};
			name = Release;
		};
/* End XCBuildConfiguration section */

/* Begin XCConfigurationList section */
		B7E18F0B1D4A03B700A740D4 /* Build configuration list for PBXProject "Deisgner_Xcode" */ = {
			isa = XCConfigurationList;
			buildConfigurations = (
				B7E18F201D4A03B700A740D4 /* Debug */,
				B7E18F211D4A03B700A740D4 /* Release */,
			);
			defaultConfigurationIsVisible = 0;
			defaultConfigurationName = Release;
		};
		B7E18F221D4A03B700A740D4 /* Build configuration list for PBXNativeTarget "Deisgner_Xcode" */ = {
			isa = XCConfigurationList;
			buildConfigurations = (
				B7E18F231D4A03B700A740D4 /* Debug */,
				B7E18F241D4A03B700A740D4 /* Release */,
			);
			defaultConfigurationIsVisible = 0;
			defaultConfigurationName = Release;
		};
/* End XCConfigurationList section */
	};
	rootObject = B7E18F081D4A03B700A740D4 /* Project object */;
}
